<?xml version="1.0" encoding="utf-8"?>
<Project ToolsVersion="4.0" xmlns="http://schemas.microsoft.com/developer/msbuild/2003">
  <ItemGroup>
    <Filter Include="Source">
      <UniqueIdentifier>{4FC737F1-C7A5-4376-A066-2A32D752A2FF}</UniqueIdentifier>
      <Extensions>cpp;c;cc;cxx;c++;cppm;ixx;def;odl;idl;hpj;bat;asm;asmx</Extensions>
    </Filter>
    <Filter Include="Source\MeshFormats">
      <UniqueIdentifier>{10059749-20ea-4194-b791-f82e26d252cb}</UniqueIdentifier>
    </Filter>
    <Filter Include="Source\MeshOperations">
      <UniqueIdentifier>{ea8c2d11-6473-4263-a436-b899427f02e2}</UniqueIdentifier>
    </Filter>
  </ItemGroup>
  <ItemGroup>
    <ClInclude Include="Source\Mesh.h">
      <Filter>Source</Filter>
    </ClInclude>
    <ClInclude Include="Source\Defines.h">
      <Filter>Source</Filter>
    </ClInclude>
    <ClInclude Include="Source\Vector.h">
      <Filter>Source</Filter>
    </ClInclude>
    <ClInclude Include="Source\MeshFormat.h">
      <Filter>Source</Filter>
    </ClInclude>
    <ClInclude Include="Source\MeshFormats\OBJFormat.h">
      <Filter>Source\MeshFormats</Filter>
    </ClInclude>
    <ClInclude Include="Source\MeshTopology.h">
      <Filter>Source</Filter>
    </ClInclude>
    <ClInclude Include="Source\MeshOperation.h">
      <Filter>Source</Filter>
    </ClInclude>
    <ClInclude Include="Source\MeshSetOperation.h">
      <Filter>Source</Filter>
    </ClInclude>
    <ClInclude Include="Source\MeshOperations\MeshUnionOperation.h">
      <Filter>Source\MeshOperations</Filter>
    </ClInclude>
    <ClInclude Include="Source\MeshOperations\MeshIntersectionOperation.h">
      <Filter>Source\MeshOperations</Filter>
    </ClInclude>
    <ClInclude Include="Source\MeshOperations\MeshDifferenceOperation.h">
      <Filter>Source\MeshOperations</Filter>
    </ClInclude>
    <ClInclude Include="Source\AxisAlignedBox.h">
      <Filter>Source</Filter>
    </ClInclude>
    <ClInclude Include="Source\BoundingBoxTree.h">
      <Filter>Source</Filter>
    </ClInclude>
    <ClInclude Include="Source\ConvexPolygon.h">
      <Filter>Source</Filter>
    </ClInclude>
    <ClInclude Include="Source\Plane.h">
      <Filter>Source</Filter>
    </ClInclude>
    <ClInclude Include="Source\MeshGraph.h">
      <Filter>Source</Filter>
    </ClInclude>
  </ItemGroup>
  <ItemGroup>
    <ClCompile Include="Source\Vector.cpp">
      <Filter>Source</Filter>
    </ClCompile>
    <ClCompile Include="Source\Mesh.cpp">
      <Filter>Source</Filter>
    </ClCompile>
    <ClCompile Include="Source\MeshFormats\OBJFormat.cpp">
      <Filter>Source\MeshFormats</Filter>
    </ClCompile>
    <ClCompile Include="Source\MeshFormat.cpp">
      <Filter>Source</Filter>
    </ClCompile>
    <ClCompile Include="Source\MeshTopology.cpp">
      <Filter>Source</Filter>
    </ClCompile>
    <ClCompile Include="Source\MeshOperation.cpp">
      <Filter>Source</Filter>
    </ClCompile>
    <ClCompile Include="Source\MeshSetOperation.cpp">
      <Filter>Source</Filter>
    </ClCompile>
    <ClCompile Include="Source\MeshOperations\MeshUnionOperation.cpp">
      <Filter>Source\MeshOperations</Filter>
    </ClCompile>
    <ClCompile Include="Source\MeshOperations\MeshIntersectionOperation.cpp">
      <Filter>Source\MeshOperations</Filter>
    </ClCompile>
    <ClCompile Include="Source\MeshOperations\MeshDifferenceOperation.cpp">
      <Filter>Source\MeshOperations</Filter>
    </ClCompile>
    <ClCompile Include="Source\AxisAlignedBox.cpp">
      <Filter>Source</Filter>
    </ClCompile>
    <ClCompile Include="Source\BoundingBoxTree.cpp">
      <Filter>Source</Filter>
    </ClCompile>
    <ClCompile Include="Source\Plane.cpp">
      <Filter>Source</Filter>
    </ClCompile>
    <ClCompile Include="Source\ConvexPolygon.cpp">
      <Filter>Source</Filter>
    </ClCompile>
  </ItemGroup>
</Project>